// !$*UTF8*$!
{
	archiveVersion = 1;
	classes = {
	};
	objectVersion = 56;
	objects = {

/* Begin PBXBuildFile section */
		A2C1C42C2CFC54F800703061 /* WatchConnectivityManager.swift in Sources */ = {isa = PBXBuildFile; fileRef = A2C1C42A2CFC54F800703061 /* WatchConnectivityManager.swift */; };
		A2C1C42D2CFC54F800703061 /* WallpaperViewModel.swift in Sources */ = {isa = PBXBuildFile; fileRef = A2C1C42B2CFC54F800703061 /* WallpaperViewModel.swift */; };
		A2C1C42F2CFC585A00703061 /* PhoneConnectivityManager.swift in Sources */ = {isa = PBXBuildFile; fileRef = A2C1C42E2CFC585A00703061 /* PhoneConnectivityManager.swift */; };
		A2D74F4A2CFC487400DEA198 /* WallpaperCalendarApp.swift in Sources */ = {isa = PBXBuildFile; fileRef = A2D74F492CFC487400DEA198 /* WallpaperCalendarApp.swift */; };
		A2D74F4C2CFC487400DEA198 /* ContentView.swift in Sources */ = {isa = PBXBuildFile; fileRef = A2D74F4B2CFC487400DEA198 /* ContentView.swift */; };
		A2D74F4E2CFC487500DEA198 /* Assets.xcassets in Resources */ = {isa = PBXBuildFile; fileRef = A2D74F4D2CFC487500DEA198 /* Assets.xcassets */; };
		A2D74F512CFC487500DEA198 /* Preview Assets.xcassets in Resources */ = {isa = PBXBuildFile; fileRef = A2D74F502CFC487500DEA198 /* Preview Assets.xcassets */; };
		A2D74F5B2CFC487500DEA198 /* WallpaperCalendarTests.swift in Sources */ = {isa = PBXBuildFile; fileRef = A2D74F5A2CFC487500DEA198 /* WallpaperCalendarTests.swift */; };
		A2D74F652CFC487500DEA198 /* WallpaperCalendarUITests.swift in Sources */ = {isa = PBXBuildFile; fileRef = A2D74F642CFC487500DEA198 /* WallpaperCalendarUITests.swift */; };
		A2D74F672CFC487500DEA198 /* WallpaperCalendarUITestsLaunchTests.swift in Sources */ = {isa = PBXBuildFile; fileRef = A2D74F662CFC487500DEA198 /* WallpaperCalendarUITestsLaunchTests.swift */; };
		A2D74F6D2CFC487500DEA198 /* WallpaperCalendar Watch App.app in Embed Watch Content */ = {isa = PBXBuildFile; fileRef = A2D74F6C2CFC487500DEA198 /* WallpaperCalendar Watch App.app */; settings = {ATTRIBUTES = (RemoveHeadersOnCopy, ); }; };
		A2D74F722CFC487500DEA198 /* WallpaperCalendarApp.swift in Sources */ = {isa = PBXBuildFile; fileRef = A2D74F712CFC487500DEA198 /* WallpaperCalendarApp.swift */; };
		A2D74F742CFC487500DEA198 /* ContentView.swift in Sources */ = {isa = PBXBuildFile; fileRef = A2D74F732CFC487500DEA198 /* ContentView.swift */; };
		A2D74F762CFC487600DEA198 /* Assets.xcassets in Resources */ = {isa = PBXBuildFile; fileRef = A2D74F752CFC487600DEA198 /* Assets.xcassets */; };
		A2D74F792CFC487600DEA198 /* Preview Assets.xcassets in Resources */ = {isa = PBXBuildFile; fileRef = A2D74F782CFC487600DEA198 /* Preview Assets.xcassets */; };
		A2D74F832CFC487600DEA198 /* WallpaperCalendar_Watch_AppTests.swift in Sources */ = {isa = PBXBuildFile; fileRef = A2D74F822CFC487600DEA198 /* WallpaperCalendar_Watch_AppTests.swift */; };
		A2D74F8D2CFC487600DEA198 /* WallpaperCalendar_Watch_AppUITests.swift in Sources */ = {isa = PBXBuildFile; fileRef = A2D74F8C2CFC487600DEA198 /* WallpaperCalendar_Watch_AppUITests.swift */; };
		A2D74F8F2CFC487600DEA198 /* WallpaperCalendar_Watch_AppUITestsLaunchTests.swift in Sources */ = {isa = PBXBuildFile; fileRef = A2D74F8E2CFC487600DEA198 /* WallpaperCalendar_Watch_AppUITestsLaunchTests.swift */; };
/* End PBXBuildFile section */

/* Begin PBXContainerItemProxy section */
		A2D74F572CFC487500DEA198 /* PBXContainerItemProxy */ = {
			isa = PBXContainerItemProxy;
			containerPortal = A2D74F3E2CFC487400DEA198 /* Project object */;
			proxyType = 1;
			remoteGlobalIDString = A2D74F452CFC487400DEA198;
			remoteInfo = WallpaperCalendar;
		};
		A2D74F612CFC487500DEA198 /* PBXContainerItemProxy */ = {
			isa = PBXContainerItemProxy;
			containerPortal = A2D74F3E2CFC487400DEA198 /* Project object */;
			proxyType = 1;
			remoteGlobalIDString = A2D74F452CFC487400DEA198;
			remoteInfo = WallpaperCalendar;
		};
		A2D74F6E2CFC487500DEA198 /* PBXContainerItemProxy */ = {
			isa = PBXContainerItemProxy;
			containerPortal = A2D74F3E2CFC487400DEA198 /* Project object */;
			proxyType = 1;
			remoteGlobalIDString = A2D74F6B2CFC487500DEA198;
			remoteInfo = "WallpaperCalendar Watch App";
		};
		A2D74F7F2CFC487600DEA198 /* PBXContainerItemProxy */ = {
			isa = PBXContainerItemProxy;
			containerPortal = A2D74F3E2CFC487400DEA198 /* Project object */;
			proxyType = 1;
			remoteGlobalIDString = A2D74F6B2CFC487500DEA198;
			remoteInfo = "WallpaperCalendar Watch App";
		};
		A2D74F892CFC487600DEA198 /* PBXContainerItemProxy */ = {
			isa = PBXContainerItemProxy;
			containerPortal = A2D74F3E2CFC487400DEA198 /* Project object */;
			proxyType = 1;
			remoteGlobalIDString = A2D74F6B2CFC487500DEA198;
			remoteInfo = "WallpaperCalendar Watch App";
		};
/* End PBXContainerItemProxy section */

/* Begin PBXCopyFilesBuildPhase section */
		A2D74F952CFC487600DEA198 /* Embed Watch Content */ = {
			isa = PBXCopyFilesBuildPhase;
			buildActionMask = 2147483647;
			dstPath = "$(CONTENTS_FOLDER_PATH)/Watch";
			dstSubfolderSpec = 16;
			files = (
				A2D74F6D2CFC487500DEA198 /* WallpaperCalendar Watch App.app in Embed Watch Content */,
			);
			name = "Embed Watch Content";
			runOnlyForDeploymentPostprocessing = 0;
		};
/* End PBXCopyFilesBuildPhase section */

/* Begin PBXFileReference section */
		A2C1C42A2CFC54F800703061 /* WatchConnectivityManager.swift */ = {isa = PBXFileReference; fileEncoding = 4; lastKnownFileType = sourcecode.swift; path = WatchConnectivityManager.swift; sourceTree = "<group>"; };
		A2C1C42B2CFC54F800703061 /* WallpaperViewModel.swift */ = {isa = PBXFileReference; fileEncoding = 4; lastKnownFileType = sourcecode.swift; path = WallpaperViewModel.swift; sourceTree = "<group>"; };
		A2C1C42E2CFC585A00703061 /* PhoneConnectivityManager.swift */ = {isa = PBXFileReference; fileEncoding = 4; lastKnownFileType = sourcecode.swift; path = PhoneConnectivityManager.swift; sourceTree = "<group>"; };
		A2D74F462CFC487400DEA198 /* WallpaperCalendar.app */ = {isa = PBXFileReference; explicitFileType = wrapper.application; includeInIndex = 0; path = WallpaperCalendar.app; sourceTree = BUILT_PRODUCTS_DIR; };
		A2D74F492CFC487400DEA198 /* WallpaperCalendarApp.swift */ = {isa = PBXFileReference; lastKnownFileType = sourcecode.swift; path = WallpaperCalendarApp.swift; sourceTree = "<group>"; };
		A2D74F4B2CFC487400DEA198 /* ContentView.swift */ = {isa = PBXFileReference; lastKnownFileType = sourcecode.swift; path = ContentView.swift; sourceTree = "<group>"; };
		A2D74F4D2CFC487500DEA198 /* Assets.xcassets */ = {isa = PBXFileReference; lastKnownFileType = folder.assetcatalog; path = Assets.xcassets; sourceTree = "<group>"; };
		A2D74F502CFC487500DEA198 /* Preview Assets.xcassets */ = {isa = PBXFileReference; lastKnownFileType = folder.assetcatalog; path = "Preview Assets.xcassets"; sourceTree = "<group>"; };
		A2D74F562CFC487500DEA198 /* WallpaperCalendarTests.xctest */ = {isa = PBXFileReference; explicitFileType = wrapper.cfbundle; includeInIndex = 0; path = WallpaperCalendarTests.xctest; sourceTree = BUILT_PRODUCTS_DIR; };
		A2D74F5A2CFC487500DEA198 /* WallpaperCalendarTests.swift */ = {isa = PBXFileReference; lastKnownFileType = sourcecode.swift; path = WallpaperCalendarTests.swift; sourceTree = "<group>"; };
		A2D74F602CFC487500DEA198 /* WallpaperCalendarUITests.xctest */ = {isa = PBXFileReference; explicitFileType = wrapper.cfbundle; includeInIndex = 0; path = WallpaperCalendarUITests.xctest; sourceTree = BUILT_PRODUCTS_DIR; };
		A2D74F642CFC487500DEA198 /* WallpaperCalendarUITests.swift */ = {isa = PBXFileReference; lastKnownFileType = sourcecode.swift; path = WallpaperCalendarUITests.swift; sourceTree = "<group>"; };
		A2D74F662CFC487500DEA198 /* WallpaperCalendarUITestsLaunchTests.swift */ = {isa = PBXFileReference; lastKnownFileType = sourcecode.swift; path = WallpaperCalendarUITestsLaunchTests.swift; sourceTree = "<group>"; };
		A2D74F6C2CFC487500DEA198 /* WallpaperCalendar Watch App.app */ = {isa = PBXFileReference; explicitFileType = wrapper.application; includeInIndex = 0; path = "WallpaperCalendar Watch App.app"; sourceTree = BUILT_PRODUCTS_DIR; };
		A2D74F712CFC487500DEA198 /* WallpaperCalendarApp.swift */ = {isa = PBXFileReference; lastKnownFileType = sourcecode.swift; path = WallpaperCalendarApp.swift; sourceTree = "<group>"; };
		A2D74F732CFC487500DEA198 /* ContentView.swift */ = {isa = PBXFileReference; lastKnownFileType = sourcecode.swift; path = ContentView.swift; sourceTree = "<group>"; };
		A2D74F752CFC487600DEA198 /* Assets.xcassets */ = {isa = PBXFileReference; lastKnownFileType = folder.assetcatalog; path = Assets.xcassets; sourceTree = "<group>"; };
		A2D74F782CFC487600DEA198 /* Preview Assets.xcassets */ = {isa = PBXFileReference; lastKnownFileType = folder.assetcatalog; path = "Preview Assets.xcassets"; sourceTree = "<group>"; };
		A2D74F7E2CFC487600DEA198 /* WallpaperCalendar Watch AppTests.xctest */ = {isa = PBXFileReference; explicitFileType = wrapper.cfbundle; includeInIndex = 0; path = "WallpaperCalendar Watch AppTests.xctest"; sourceTree = BUILT_PRODUCTS_DIR; };
		A2D74F822CFC487600DEA198 /* WallpaperCalendar_Watch_AppTests.swift */ = {isa = PBXFileReference; lastKnownFileType = sourcecode.swift; path = WallpaperCalendar_Watch_AppTests.swift; sourceTree = "<group>"; };
		A2D74F882CFC487600DEA198 /* WallpaperCalendar Watch AppUITests.xctest */ = {isa = PBXFileReference; explicitFileType = wrapper.cfbundle; includeInIndex = 0; path = "WallpaperCalendar Watch AppUITests.xctest"; sourceTree = BUILT_PRODUCTS_DIR; };
		A2D74F8C2CFC487600DEA198 /* WallpaperCalendar_Watch_AppUITests.swift */ = {isa = PBXFileReference; lastKnownFileType = sourcecode.swift; path = WallpaperCalendar_Watch_AppUITests.swift; sourceTree = "<group>"; };
		A2D74F8E2CFC487600DEA198 /* WallpaperCalendar_Watch_AppUITestsLaunchTests.swift */ = {isa = PBXFileReference; lastKnownFileType = sourcecode.swift; path = WallpaperCalendar_Watch_AppUITestsLaunchTests.swift; sourceTree = "<group>"; };
/* End PBXFileReference section */

/* Begin PBXFrameworksBuildPhase section */
		A2D74F432CFC487400DEA198 /* Frameworks */ = {
			isa = PBXFrameworksBuildPhase;
			buildActionMask = 2147483647;
			files = (
			);
			runOnlyForDeploymentPostprocessing = 0;
		};
		A2D74F532CFC487500DEA198 /* Frameworks */ = {
			isa = PBXFrameworksBuildPhase;
			buildActionMask = 2147483647;
			files = (
			);
			runOnlyForDeploymentPostprocessing = 0;
		};
		A2D74F5D2CFC487500DEA198 /* Frameworks */ = {
			isa = PBXFrameworksBuildPhase;
			buildActionMask = 2147483647;
			files = (
			);
			runOnlyForDeploymentPostprocessing = 0;
		};
		A2D74F692CFC487500DEA198 /* Frameworks */ = {
			isa = PBXFrameworksBuildPhase;
			buildActionMask = 2147483647;
			files = (
			);
			runOnlyForDeploymentPostprocessing = 0;
		};
		A2D74F7B2CFC487600DEA198 /* Frameworks */ = {
			isa = PBXFrameworksBuildPhase;
			buildActionMask = 2147483647;
			files = (
			);
			runOnlyForDeploymentPostprocessing = 0;
		};
		A2D74F852CFC487600DEA198 /* Frameworks */ = {
			isa = PBXFrameworksBuildPhase;
			buildActionMask = 2147483647;
			files = (
			);
			runOnlyForDeploymentPostprocessing = 0;
		};
/* End PBXFrameworksBuildPhase section */

/* Begin PBXGroup section */
		A2D74F3D2CFC487400DEA198 = {
			isa = PBXGroup;
			children = (
				A2D74F482CFC487400DEA198 /* WallpaperCalendar */,
				A2D74F592CFC487500DEA198 /* WallpaperCalendarTests */,
				A2D74F632CFC487500DEA198 /* WallpaperCalendarUITests */,
				A2D74F702CFC487500DEA198 /* WallpaperCalendar Watch App */,
				A2D74F812CFC487600DEA198 /* WallpaperCalendar Watch AppTests */,
				A2D74F8B2CFC487600DEA198 /* WallpaperCalendar Watch AppUITests */,
				A2D74F472CFC487400DEA198 /* Products */,
			);
			sourceTree = "<group>";
		};
		A2D74F472CFC487400DEA198 /* Products */ = {
			isa = PBXGroup;
			children = (
				A2D74F462CFC487400DEA198 /* WallpaperCalendar.app */,
				A2D74F562CFC487500DEA198 /* WallpaperCalendarTests.xctest */,
				A2D74F602CFC487500DEA198 /* WallpaperCalendarUITests.xctest */,
				A2D74F6C2CFC487500DEA198 /* WallpaperCalendar Watch App.app */,
				A2D74F7E2CFC487600DEA198 /* WallpaperCalendar Watch AppTests.xctest */,
				A2D74F882CFC487600DEA198 /* WallpaperCalendar Watch AppUITests.xctest */,
			);
			name = Products;
			sourceTree = "<group>";
		};
		A2D74F482CFC487400DEA198 /* WallpaperCalendar */ = {
			isa = PBXGroup;
			children = (
				A2C1C42E2CFC585A00703061 /* PhoneConnectivityManager.swift */,
				A2D74F492CFC487400DEA198 /* WallpaperCalendarApp.swift */,
				A2D74F4B2CFC487400DEA198 /* ContentView.swift */,
				A2D74F4D2CFC487500DEA198 /* Assets.xcassets */,
				A2D74F4F2CFC487500DEA198 /* Preview Content */,
			);
			path = WallpaperCalendar;
			sourceTree = "<group>";
		};
		A2D74F4F2CFC487500DEA198 /* Preview Content */ = {
			isa = PBXGroup;
			children = (
				A2D74F502CFC487500DEA198 /* Preview Assets.xcassets */,
			);
			path = "Preview Content";
			sourceTree = "<group>";
		};
		A2D74F592CFC487500DEA198 /* WallpaperCalendarTests */ = {
			isa = PBXGroup;
			children = (
				A2D74F5A2CFC487500DEA198 /* WallpaperCalendarTests.swift */,
			);
			path = WallpaperCalendarTests;
			sourceTree = "<group>";
		};
		A2D74F632CFC487500DEA198 /* WallpaperCalendarUITests */ = {
			isa = PBXGroup;
			children = (
				A2D74F642CFC487500DEA198 /* WallpaperCalendarUITests.swift */,
				A2D74F662CFC487500DEA198 /* WallpaperCalendarUITestsLaunchTests.swift */,
			);
			path = WallpaperCalendarUITests;
			sourceTree = "<group>";
		};
		A2D74F702CFC487500DEA198 /* WallpaperCalendar Watch App */ = {
			isa = PBXGroup;
			children = (
				A2C1C42B2CFC54F800703061 /* WallpaperViewModel.swift */,
				A2C1C42A2CFC54F800703061 /* WatchConnectivityManager.swift */,
				A2D74F712CFC487500DEA198 /* WallpaperCalendarApp.swift */,
				A2D74F732CFC487500DEA198 /* ContentView.swift */,
				A2D74F752CFC487600DEA198 /* Assets.xcassets */,
				A2D74F772CFC487600DEA198 /* Preview Content */,
			);
			path = "WallpaperCalendar Watch App";
			sourceTree = "<group>";
		};
		A2D74F772CFC487600DEA198 /* Preview Content */ = {
			isa = PBXGroup;
			children = (
				A2D74F782CFC487600DEA198 /* Preview Assets.xcassets */,
			);
			path = "Preview Content";
			sourceTree = "<group>";
		};
		A2D74F812CFC487600DEA198 /* WallpaperCalendar Watch AppTests */ = {
			isa = PBXGroup;
			children = (
				A2D74F822CFC487600DEA198 /* WallpaperCalendar_Watch_AppTests.swift */,
			);
			path = "WallpaperCalendar Watch AppTests";
			sourceTree = "<group>";
		};
		A2D74F8B2CFC487600DEA198 /* WallpaperCalendar Watch AppUITests */ = {
			isa = PBXGroup;
			children = (
				A2D74F8C2CFC487600DEA198 /* WallpaperCalendar_Watch_AppUITests.swift */,
				A2D74F8E2CFC487600DEA198 /* WallpaperCalendar_Watch_AppUITestsLaunchTests.swift */,
			);
			path = "WallpaperCalendar Watch AppUITests";
			sourceTree = "<group>";
		};
/* End PBXGroup section */

/* Begin PBXNativeTarget section */
		A2D74F452CFC487400DEA198 /* WallpaperCalendar */ = {
			isa = PBXNativeTarget;
			buildConfigurationList = A2D74F962CFC487600DEA198 /* Build configuration list for PBXNativeTarget "WallpaperCalendar" */;
			buildPhases = (
				A2D74F422CFC487400DEA198 /* Sources */,
				A2D74F432CFC487400DEA198 /* Frameworks */,
				A2D74F442CFC487400DEA198 /* Resources */,
				A2D74F952CFC487600DEA198 /* Embed Watch Content */,
			);
			buildRules = (
			);
			dependencies = (
				A2D74F6F2CFC487500DEA198 /* PBXTargetDependency */,
			);
			name = WallpaperCalendar;
			productName = WallpaperCalendar;
			productReference = A2D74F462CFC487400DEA198 /* WallpaperCalendar.app */;
			productType = "com.apple.product-type.application";
		};
		A2D74F552CFC487500DEA198 /* WallpaperCalendarTests */ = {
			isa = PBXNativeTarget;
			buildConfigurationList = A2D74F992CFC487600DEA198 /* Build configuration list for PBXNativeTarget "WallpaperCalendarTests" */;
			buildPhases = (
				A2D74F522CFC487500DEA198 /* Sources */,
				A2D74F532CFC487500DEA198 /* Frameworks */,
				A2D74F542CFC487500DEA198 /* Resources */,
			);
			buildRules = (
			);
			dependencies = (
				A2D74F582CFC487500DEA198 /* PBXTargetDependency */,
			);
			name = WallpaperCalendarTests;
			productName = WallpaperCalendarTests;
			productReference = A2D74F562CFC487500DEA198 /* WallpaperCalendarTests.xctest */;
			productType = "com.apple.product-type.bundle.unit-test";
		};
		A2D74F5F2CFC487500DEA198 /* WallpaperCalendarUITests */ = {
			isa = PBXNativeTarget;
			buildConfigurationList = A2D74F9C2CFC487600DEA198 /* Build configuration list for PBXNativeTarget "WallpaperCalendarUITests" */;
			buildPhases = (
				A2D74F5C2CFC487500DEA198 /* Sources */,
				A2D74F5D2CFC487500DEA198 /* Frameworks */,
				A2D74F5E2CFC487500DEA198 /* Resources */,
			);
			buildRules = (
			);
			dependencies = (
				A2D74F622CFC487500DEA198 /* PBXTargetDependency */,
			);
			name = WallpaperCalendarUITests;
			productName = WallpaperCalendarUITests;
			productReference = A2D74F602CFC487500DEA198 /* WallpaperCalendarUITests.xctest */;
			productType = "com.apple.product-type.bundle.ui-testing";
		};
		A2D74F6B2CFC487500DEA198 /* WallpaperCalendar Watch App */ = {
			isa = PBXNativeTarget;
			buildConfigurationList = A2D74F922CFC487600DEA198 /* Build configuration list for PBXNativeTarget "WallpaperCalendar Watch App" */;
			buildPhases = (
				A2D74F682CFC487500DEA198 /* Sources */,
				A2D74F692CFC487500DEA198 /* Frameworks */,
				A2D74F6A2CFC487500DEA198 /* Resources */,
			);
			buildRules = (
			);
			dependencies = (
			);
			name = "WallpaperCalendar Watch App";
			productName = "WallpaperCalendar Watch App";
			productReference = A2D74F6C2CFC487500DEA198 /* WallpaperCalendar Watch App.app */;
			productType = "com.apple.product-type.application";
		};
		A2D74F7D2CFC487600DEA198 /* WallpaperCalendar Watch AppTests */ = {
			isa = PBXNativeTarget;
			buildConfigurationList = A2D74F9F2CFC487600DEA198 /* Build configuration list for PBXNativeTarget "WallpaperCalendar Watch AppTests" */;
			buildPhases = (
				A2D74F7A2CFC487600DEA198 /* Sources */,
				A2D74F7B2CFC487600DEA198 /* Frameworks */,
				A2D74F7C2CFC487600DEA198 /* Resources */,
			);
			buildRules = (
			);
			dependencies = (
				A2D74F802CFC487600DEA198 /* PBXTargetDependency */,
			);
			name = "WallpaperCalendar Watch AppTests";
			productName = "WallpaperCalendar Watch AppTests";
			productReference = A2D74F7E2CFC487600DEA198 /* WallpaperCalendar Watch AppTests.xctest */;
			productType = "com.apple.product-type.bundle.unit-test";
		};
		A2D74F872CFC487600DEA198 /* WallpaperCalendar Watch AppUITests */ = {
			isa = PBXNativeTarget;
			buildConfigurationList = A2D74FA22CFC487600DEA198 /* Build configuration list for PBXNativeTarget "WallpaperCalendar Watch AppUITests" */;
			buildPhases = (
				A2D74F842CFC487600DEA198 /* Sources */,
				A2D74F852CFC487600DEA198 /* Frameworks */,
				A2D74F862CFC487600DEA198 /* Resources */,
			);
			buildRules = (
			);
			dependencies = (
				A2D74F8A2CFC487600DEA198 /* PBXTargetDependency */,
			);
			name = "WallpaperCalendar Watch AppUITests";
			productName = "WallpaperCalendar Watch AppUITests";
			productReference = A2D74F882CFC487600DEA198 /* WallpaperCalendar Watch AppUITests.xctest */;
			productType = "com.apple.product-type.bundle.ui-testing";
		};
/* End PBXNativeTarget section */

/* Begin PBXProject section */
		A2D74F3E2CFC487400DEA198 /* Project object */ = {
			isa = PBXProject;
			attributes = {
				BuildIndependentTargetsInParallel = 1;
				LastSwiftUpdateCheck = 1540;
				LastUpgradeCheck = 1540;
				TargetAttributes = {
					A2D74F452CFC487400DEA198 = {
						CreatedOnToolsVersion = 15.4;
					};
					A2D74F552CFC487500DEA198 = {
						CreatedOnToolsVersion = 15.4;
						TestTargetID = A2D74F452CFC487400DEA198;
					};
					A2D74F5F2CFC487500DEA198 = {
						CreatedOnToolsVersion = 15.4;
						TestTargetID = A2D74F452CFC487400DEA198;
					};
					A2D74F6B2CFC487500DEA198 = {
						CreatedOnToolsVersion = 15.4;
					};
					A2D74F7D2CFC487600DEA198 = {
						CreatedOnToolsVersion = 15.4;
						TestTargetID = A2D74F6B2CFC487500DEA198;
					};
					A2D74F872CFC487600DEA198 = {
						CreatedOnToolsVersion = 15.4;
						TestTargetID = A2D74F6B2CFC487500DEA198;
					};
				};
			};
			buildConfigurationList = A2D74F412CFC487400DEA198 /* Build configuration list for PBXProject "WallpaperCalendar" */;
			compatibilityVersion = "Xcode 14.0";
			developmentRegion = en;
			hasScannedForEncodings = 0;
			knownRegions = (
				en,
				Base,
			);
			mainGroup = A2D74F3D2CFC487400DEA198;
			productRefGroup = A2D74F472CFC487400DEA198 /* Products */;
			projectDirPath = "";
			projectRoot = "";
			targets = (
				A2D74F452CFC487400DEA198 /* WallpaperCalendar */,
				A2D74F552CFC487500DEA198 /* WallpaperCalendarTests */,
				A2D74F5F2CFC487500DEA198 /* WallpaperCalendarUITests */,
				A2D74F6B2CFC487500DEA198 /* WallpaperCalendar Watch App */,
				A2D74F7D2CFC487600DEA198 /* WallpaperCalendar Watch AppTests */,
				A2D74F872CFC487600DEA198 /* WallpaperCalendar Watch AppUITests */,
			);
		};
/* End PBXProject section */

/* Begin PBXResourcesBuildPhase section */
		A2D74F442CFC487400DEA198 /* Resources */ = {
			isa = PBXResourcesBuildPhase;
			buildActionMask = 2147483647;
			files = (
				A2D74F512CFC487500DEA198 /* Preview Assets.xcassets in Resources */,
				A2D74F4E2CFC487500DEA198 /* Assets.xcassets in Resources */,
			);
			runOnlyForDeploymentPostprocessing = 0;
		};
		A2D74F542CFC487500DEA198 /* Resources */ = {
			isa = PBXResourcesBuildPhase;
			buildActionMask = 2147483647;
			files = (
			);
			runOnlyForDeploymentPostprocessing = 0;
		};
		A2D74F5E2CFC487500DEA198 /* Resources */ = {
			isa = PBXResourcesBuildPhase;
			buildActionMask = 2147483647;
			files = (
			);
			runOnlyForDeploymentPostprocessing = 0;
		};
		A2D74F6A2CFC487500DEA198 /* Resources */ = {
			isa = PBXResourcesBuildPhase;
			buildActionMask = 2147483647;
			files = (
				A2D74F792CFC487600DEA198 /* Preview Assets.xcassets in Resources */,
				A2D74F762CFC487600DEA198 /* Assets.xcassets in Resources */,
			);
			runOnlyForDeploymentPostprocessing = 0;
		};
		A2D74F7C2CFC487600DEA198 /* Resources */ = {
			isa = PBXResourcesBuildPhase;
			buildActionMask = 2147483647;
			files = (
			);
			runOnlyForDeploymentPostprocessing = 0;
		};
		A2D74F862CFC487600DEA198 /* Resources */ = {
			isa = PBXResourcesBuildPhase;
			buildActionMask = 2147483647;
			files = (
			);
			runOnlyForDeploymentPostprocessing = 0;
		};
/* End PBXResourcesBuildPhase section */

/* Begin PBXSourcesBuildPhase section */
		A2D74F422CFC487400DEA198 /* Sources */ = {
			isa = PBXSourcesBuildPhase;
			buildActionMask = 2147483647;
			files = (
				A2C1C42F2CFC585A00703061 /* PhoneConnectivityManager.swift in Sources */,
				A2D74F4C2CFC487400DEA198 /* ContentView.swift in Sources */,
				A2D74F4A2CFC487400DEA198 /* WallpaperCalendarApp.swift in Sources */,
			);
			runOnlyForDeploymentPostprocessing = 0;
		};
		A2D74F522CFC487500DEA198 /* Sources */ = {
			isa = PBXSourcesBuildPhase;
			buildActionMask = 2147483647;
			files = (
				A2D74F5B2CFC487500DEA198 /* WallpaperCalendarTests.swift in Sources */,
			);
			runOnlyForDeploymentPostprocessing = 0;
		};
		A2D74F5C2CFC487500DEA198 /* Sources */ = {
			isa = PBXSourcesBuildPhase;
			buildActionMask = 2147483647;
			files = (
				A2D74F652CFC487500DEA198 /* WallpaperCalendarUITests.swift in Sources */,
				A2D74F672CFC487500DEA198 /* WallpaperCalendarUITestsLaunchTests.swift in Sources */,
			);
			runOnlyForDeploymentPostprocessing = 0;
		};
		A2D74F682CFC487500DEA198 /* Sources */ = {
			isa = PBXSourcesBuildPhase;
			buildActionMask = 2147483647;
			files = (
				A2D74F742CFC487500DEA198 /* ContentView.swift in Sources */,
				A2C1C42C2CFC54F800703061 /* WatchConnectivityManager.swift in Sources */,
				A2D74F722CFC487500DEA198 /* WallpaperCalendarApp.swift in Sources */,
				A2C1C42D2CFC54F800703061 /* WallpaperViewModel.swift in Sources */,
			);
			runOnlyForDeploymentPostprocessing = 0;
		};
		A2D74F7A2CFC487600DEA198 /* Sources */ = {
			isa = PBXSourcesBuildPhase;
			buildActionMask = 2147483647;
			files = (
				A2D74F832CFC487600DEA198 /* WallpaperCalendar_Watch_AppTests.swift in Sources */,
			);
			runOnlyForDeploymentPostprocessing = 0;
		};
		A2D74F842CFC487600DEA198 /* Sources */ = {
			isa = PBXSourcesBuildPhase;
			buildActionMask = 2147483647;
			files = (
				A2D74F8D2CFC487600DEA198 /* WallpaperCalendar_Watch_AppUITests.swift in Sources */,
				A2D74F8F2CFC487600DEA198 /* WallpaperCalendar_Watch_AppUITestsLaunchTests.swift in Sources */,
			);
			runOnlyForDeploymentPostprocessing = 0;
		};
/* End PBXSourcesBuildPhase section */

/* Begin PBXTargetDependency section */
		A2D74F582CFC487500DEA198 /* PBXTargetDependency */ = {
			isa = PBXTargetDependency;
			target = A2D74F452CFC487400DEA198 /* WallpaperCalendar */;
			targetProxy = A2D74F572CFC487500DEA198 /* PBXContainerItemProxy */;
		};
		A2D74F622CFC487500DEA198 /* PBXTargetDependency */ = {
			isa = PBXTargetDependency;
			target = A2D74F452CFC487400DEA198 /* WallpaperCalendar */;
			targetProxy = A2D74F612CFC487500DEA198 /* PBXContainerItemProxy */;
		};
		A2D74F6F2CFC487500DEA198 /* PBXTargetDependency */ = {
			isa = PBXTargetDependency;
			target = A2D74F6B2CFC487500DEA198 /* WallpaperCalendar Watch App */;
			targetProxy = A2D74F6E2CFC487500DEA198 /* PBXContainerItemProxy */;
		};
		A2D74F802CFC487600DEA198 /* PBXTargetDependency */ = {
			isa = PBXTargetDependency;
			target = A2D74F6B2CFC487500DEA198 /* WallpaperCalendar Watch App */;
			targetProxy = A2D74F7F2CFC487600DEA198 /* PBXContainerItemProxy */;
		};
		A2D74F8A2CFC487600DEA198 /* PBXTargetDependency */ = {
			isa = PBXTargetDependency;
			target = A2D74F6B2CFC487500DEA198 /* WallpaperCalendar Watch App */;
			targetProxy = A2D74F892CFC487600DEA198 /* PBXContainerItemProxy */;
		};
/* End PBXTargetDependency section */

/* Begin XCBuildConfiguration section */
		A2D74F902CFC487600DEA198 /* Debug */ = {
			isa = XCBuildConfiguration;
			buildSettings = {
				ALWAYS_SEARCH_USER_PATHS = NO;
				ASSETCATALOG_COMPILER_GENERATE_SWIFT_ASSET_SYMBOL_EXTENSIONS = YES;
				CLANG_ANALYZER_NONNULL = YES;
				CLANG_ANALYZER_NUMBER_OBJECT_CONVERSION = YES_AGGRESSIVE;
				CLANG_CXX_LANGUAGE_STANDARD = "gnu++20";
				CLANG_ENABLE_MODULES = YES;
				CLANG_ENABLE_OBJC_ARC = YES;
				CLANG_ENABLE_OBJC_WEAK = YES;
				CLANG_WARN_BLOCK_CAPTURE_AUTORELEASING = YES;
				CLANG_WARN_BOOL_CONVERSION = YES;
				CLANG_WARN_COMMA = YES;
				CLANG_WARN_CONSTANT_CONVERSION = YES;
				CLANG_WARN_DEPRECATED_OBJC_IMPLEMENTATIONS = YES;
				CLANG_WARN_DIRECT_OBJC_ISA_USAGE = YES_ERROR;
				CLANG_WARN_DOCUMENTATION_COMMENTS = YES;
				CLANG_WARN_EMPTY_BODY = YES;
				CLANG_WARN_ENUM_CONVERSION = YES;
				CLANG_WARN_INFINITE_RECURSION = YES;
				CLANG_WARN_INT_CONVERSION = YES;
				CLANG_WARN_NON_LITERAL_NULL_CONVERSION = YES;
				CLANG_WARN_OBJC_IMPLICIT_RETAIN_SELF = YES;
				CLANG_WARN_OBJC_LITERAL_CONVERSION = YES;
				CLANG_WARN_OBJC_ROOT_CLASS = YES_ERROR;
				CLANG_WARN_QUOTED_INCLUDE_IN_FRAMEWORK_HEADER = YES;
				CLANG_WARN_RANGE_LOOP_ANALYSIS = YES;
				CLANG_WARN_STRICT_PROTOTYPES = YES;
				CLANG_WARN_SUSPICIOUS_MOVE = YES;
				CLANG_WARN_UNGUARDED_AVAILABILITY = YES_AGGRESSIVE;
				CLANG_WARN_UNREACHABLE_CODE = YES;
				CLANG_WARN__DUPLICATE_METHOD_MATCH = YES;
				COPY_PHASE_STRIP = NO;
				DEBUG_INFORMATION_FORMAT = dwarf;
				ENABLE_STRICT_OBJC_MSGSEND = YES;
				ENABLE_TESTABILITY = YES;
				ENABLE_USER_SCRIPT_SANDBOXING = YES;
				GCC_C_LANGUAGE_STANDARD = gnu17;
				GCC_DYNAMIC_NO_PIC = NO;
				GCC_NO_COMMON_BLOCKS = YES;
				GCC_OPTIMIZATION_LEVEL = 0;
				GCC_PREPROCESSOR_DEFINITIONS = (
					"DEBUG=1",
					"$(inherited)",
				);
				GCC_WARN_64_TO_32_BIT_CONVERSION = YES;
				GCC_WARN_ABOUT_RETURN_TYPE = YES_ERROR;
				GCC_WARN_UNDECLARED_SELECTOR = YES;
				GCC_WARN_UNINITIALIZED_AUTOS = YES_AGGRESSIVE;
				GCC_WARN_UNUSED_FUNCTION = YES;
				GCC_WARN_UNUSED_VARIABLE = YES;
				LOCALIZATION_PREFERS_STRING_CATALOGS = YES;
				MTL_ENABLE_DEBUG_INFO = INCLUDE_SOURCE;
				MTL_FAST_MATH = YES;
				ONLY_ACTIVE_ARCH = YES;
				SWIFT_ACTIVE_COMPILATION_CONDITIONS = "DEBUG $(inherited)";
				SWIFT_OPTIMIZATION_LEVEL = "-Onone";
			};
			name = Debug;
		};
		A2D74F912CFC487600DEA198 /* Release */ = {
			isa = XCBuildConfiguration;
			buildSettings = {
				ALWAYS_SEARCH_USER_PATHS = NO;
				ASSETCATALOG_COMPILER_GENERATE_SWIFT_ASSET_SYMBOL_EXTENSIONS = YES;
				CLANG_ANALYZER_NONNULL = YES;
				CLANG_ANALYZER_NUMBER_OBJECT_CONVERSION = YES_AGGRESSIVE;
				CLANG_CXX_LANGUAGE_STANDARD = "gnu++20";
				CLANG_ENABLE_MODULES = YES;
				CLANG_ENABLE_OBJC_ARC = YES;
				CLANG_ENABLE_OBJC_WEAK = YES;
				CLANG_WARN_BLOCK_CAPTURE_AUTORELEASING = YES;
				CLANG_WARN_BOOL_CONVERSION = YES;
				CLANG_WARN_COMMA = YES;
				CLANG_WARN_CONSTANT_CONVERSION = YES;
				CLANG_WARN_DEPRECATED_OBJC_IMPLEMENTATIONS = YES;
				CLANG_WARN_DIRECT_OBJC_ISA_USAGE = YES_ERROR;
				CLANG_WARN_DOCUMENTATION_COMMENTS = YES;
				CLANG_WARN_EMPTY_BODY = YES;
				CLANG_WARN_ENUM_CONVERSION = YES;
				CLANG_WARN_INFINITE_RECURSION = YES;
				CLANG_WARN_INT_CONVERSION = YES;
				CLANG_WARN_NON_LITERAL_NULL_CONVERSION = YES;
				CLANG_WARN_OBJC_IMPLICIT_RETAIN_SELF = YES;
				CLANG_WARN_OBJC_LITERAL_CONVERSION = YES;
				CLANG_WARN_OBJC_ROOT_CLASS = YES_ERROR;
				CLANG_WARN_QUOTED_INCLUDE_IN_FRAMEWORK_HEADER = YES;
				CLANG_WARN_RANGE_LOOP_ANALYSIS = YES;
				CLANG_WARN_STRICT_PROTOTYPES = YES;
				CLANG_WARN_SUSPICIOUS_MOVE = YES;
				CLANG_WARN_UNGUARDED_AVAILABILITY = YES_AGGRESSIVE;
				CLANG_WARN_UNREACHABLE_CODE = YES;
				CLANG_WARN__DUPLICATE_METHOD_MATCH = YES;
				COPY_PHASE_STRIP = NO;
				DEBUG_INFORMATION_FORMAT = "dwarf-with-dsym";
				ENABLE_NS_ASSERTIONS = NO;
				ENABLE_STRICT_OBJC_MSGSEND = YES;
				ENABLE_USER_SCRIPT_SANDBOXING = YES;
				GCC_C_LANGUAGE_STANDARD = gnu17;
				GCC_NO_COMMON_BLOCKS = YES;
				GCC_WARN_64_TO_32_BIT_CONVERSION = YES;
				GCC_WARN_ABOUT_RETURN_TYPE = YES_ERROR;
				GCC_WARN_UNDECLARED_SELECTOR = YES;
				GCC_WARN_UNINITIALIZED_AUTOS = YES_AGGRESSIVE;
				GCC_WARN_UNUSED_FUNCTION = YES;
				GCC_WARN_UNUSED_VARIABLE = YES;
				LOCALIZATION_PREFERS_STRING_CATALOGS = YES;
				MTL_ENABLE_DEBUG_INFO = NO;
				MTL_FAST_MATH = YES;
				SWIFT_COMPILATION_MODE = wholemodule;
			};
			name = Release;
		};
		A2D74F932CFC487600DEA198 /* Debug */ = {
			isa = XCBuildConfiguration;
			buildSettings = {
				ASSETCATALOG_COMPILER_APPICON_NAME = AppIcon;
				ASSETCATALOG_COMPILER_GLOBAL_ACCENT_COLOR_NAME = AccentColor;
				CODE_SIGN_STYLE = Automatic;
				CURRENT_PROJECT_VERSION = 1;
				DEVELOPMENT_ASSET_PATHS = "\"WallpaperCalendar Watch App/Preview Content\"";
				DEVELOPMENT_TEAM = B9AZ74JP6V;
				ENABLE_PREVIEWS = YES;
				GENERATE_INFOPLIST_FILE = YES;
				INFOPLIST_KEY_CFBundleDisplayName = WallpaperCalendar;
				INFOPLIST_KEY_UISupportedInterfaceOrientations = "UIInterfaceOrientationPortrait UIInterfaceOrientationPortraitUpsideDown";
				INFOPLIST_KEY_WKCompanionAppBundleIdentifier = com.ayigugu.WallpaperCalendar;
				LD_RUNPATH_SEARCH_PATHS = (
					"$(inherited)",
					"@executable_path/Frameworks",
				);
				MARKETING_VERSION = 1.0;
				PRODUCT_BUNDLE_IDENTIFIER = com.ayigugu.WallpaperCalendar.watchkitapp;
				PRODUCT_NAME = "$(TARGET_NAME)";
				SDKROOT = watchos;
				SKIP_INSTALL = YES;
				SWIFT_EMIT_LOC_STRINGS = YES;
				SWIFT_VERSION = 5.0;
				TARGETED_DEVICE_FAMILY = 4;
				WATCHOS_DEPLOYMENT_TARGET = 10.5;
			};
			name = Debug;
		};
		A2D74F942CFC487600DEA198 /* Release */ = {
			isa = XCBuildConfiguration;
			buildSettings = {
				ASSETCATALOG_COMPILER_APPICON_NAME = AppIcon;
				ASSETCATALOG_COMPILER_GLOBAL_ACCENT_COLOR_NAME = AccentColor;
				CODE_SIGN_STYLE = Automatic;
				CURRENT_PROJECT_VERSION = 1;
				DEVELOPMENT_ASSET_PATHS = "\"WallpaperCalendar Watch App/Preview Content\"";
				DEVELOPMENT_TEAM = B9AZ74JP6V;
				ENABLE_PREVIEWS = YES;
				GENERATE_INFOPLIST_FILE = YES;
				INFOPLIST_KEY_CFBundleDisplayName = WallpaperCalendar;
				INFOPLIST_KEY_UISupportedInterfaceOrientations = "UIInterfaceOrientationPortrait UIInterfaceOrientationPortraitUpsideDown";
				INFOPLIST_KEY_WKCompanionAppBundleIdentifier = com.ayigugu.WallpaperCalendar;
				LD_RUNPATH_SEARCH_PATHS = (
					"$(inherited)",
					"@executable_path/Frameworks",
				);
				MARKETING_VERSION = 1.0;
				PRODUCT_BUNDLE_IDENTIFIER = com.ayigugu.WallpaperCalendar.watchkitapp;
				PRODUCT_NAME = "$(TARGET_NAME)";
				SDKROOT = watchos;
				SKIP_INSTALL = YES;
				SWIFT_EMIT_LOC_STRINGS = YES;
				SWIFT_VERSION = 5.0;
				TARGETED_DEVICE_FAMILY = 4;
				VALIDATE_PRODUCT = YES;
				WATCHOS_DEPLOYMENT_TARGET = 10.5;
			};
			name = Release;
		};
		A2D74F972CFC487600DEA198 /* Debug */ = {
			isa = XCBuildConfiguration;
			buildSettings = {
				ALWAYS_EMBED_SWIFT_STANDARD_LIBRARIES = YES;
				ASSETCATALOG_COMPILER_APPICON_NAME = AppIcon;
				ASSETCATALOG_COMPILER_GLOBAL_ACCENT_COLOR_NAME = AccentColor;
				CODE_SIGN_STYLE = Automatic;
				CURRENT_PROJECT_VERSION = 1;
				DEVELOPMENT_ASSET_PATHS = "\"WallpaperCalendar/Preview Content\"";
				DEVELOPMENT_TEAM = B9AZ74JP6V;
				ENABLE_PREVIEWS = YES;
				GENERATE_INFOPLIST_FILE = YES;
				INFOPLIST_KEY_CFBundleDisplayName = WallpaperCalendar;
				INFOPLIST_KEY_UIApplicationSceneManifest_Generation = YES;
				INFOPLIST_KEY_UIApplicationSupportsIndirectInputEvents = YES;
				INFOPLIST_KEY_UILaunchScreen_Generation = YES;
				INFOPLIST_KEY_UISupportedInterfaceOrientations_iPad = "UIInterfaceOrientationPortrait UIInterfaceOrientationPortraitUpsideDown UIInterfaceOrientationLandscapeLeft UIInterfaceOrientationLandscapeRight";
				INFOPLIST_KEY_UISupportedInterfaceOrientations_iPhone = "UIInterfaceOrientationPortrait UIInterfaceOrientationLandscapeLeft UIInterfaceOrientationLandscapeRight";
				IPHONEOS_DEPLOYMENT_TARGET = 17.5;
				LD_RUNPATH_SEARCH_PATHS = (
					"$(inherited)",
					"@executable_path/Frameworks",
				);
				MARKETING_VERSION = 1.0;
				PRODUCT_BUNDLE_IDENTIFIER = com.ayigugu.WallpaperCalendar;
				PRODUCT_NAME = "$(TARGET_NAME)";
				SDKROOT = iphoneos;
				SWIFT_EMIT_LOC_STRINGS = YES;
				SWIFT_VERSION = 5.0;
				TARGETED_DEVICE_FAMILY = "1,2";
			};
			name = Debug;
		};
		A2D74F982CFC487600DEA198 /* Release */ = {
			isa = XCBuildConfiguration;
			buildSettings = {
				ALWAYS_EMBED_SWIFT_STANDARD_LIBRARIES = YES;
				ASSETCATALOG_COMPILER_APPICON_NAME = AppIcon;
				ASSETCATALOG_COMPILER_GLOBAL_ACCENT_COLOR_NAME = AccentColor;
				CODE_SIGN_STYLE = Automatic;
				CURRENT_PROJECT_VERSION = 1;
				DEVELOPMENT_ASSET_PATHS = "\"WallpaperCalendar/Preview Content\"";
				DEVELOPMENT_TEAM = B9AZ74JP6V;
				ENABLE_PREVIEWS = YES;
				GENERATE_INFOPLIST_FILE = YES;
				INFOPLIST_KEY_CFBundleDisplayName = WallpaperCalendar;
				INFOPLIST_KEY_UIApplicationSceneManifest_Generation = YES;
				INFOPLIST_KEY_UIApplicationSupportsIndirectInputEvents = YES;
				INFOPLIST_KEY_UILaunchScreen_Generation = YES;
				INFOPLIST_KEY_UISupportedInterfaceOrientations_iPad = "UIInterfaceOrientationPortrait UIInterfaceOrientationPortraitUpsideDown UIInterfaceOrientationLandscapeLeft UIInterfaceOrientationLandscapeRight";
				INFOPLIST_KEY_UISupportedInterfaceOrientations_iPhone = "UIInterfaceOrientationPortrait UIInterfaceOrientationLandscapeLeft UIInterfaceOrientationLandscapeRight";
				IPHONEOS_DEPLOYMENT_TARGET = 17.5;
				LD_RUNPATH_SEARCH_PATHS = (
					"$(inherited)",
					"@executable_path/Frameworks",
				);
				MARKETING_VERSION = 1.0;
				PRODUCT_BUNDLE_IDENTIFIER = com.ayigugu.WallpaperCalendar;
				PRODUCT_NAME = "$(TARGET_NAME)";
				SDKROOT = iphoneos;
				SWIFT_EMIT_LOC_STRINGS = YES;
				SWIFT_VERSION = 5.0;
				TARGETED_DEVICE_FAMILY = "1,2";
				VALIDATE_PRODUCT = YES;
			};
			name = Release;
		};
		A2D74F9A2CFC487600DEA198 /* Debug */ = {
			isa = XCBuildConfiguration;
			buildSettings = {
				ALWAYS_EMBED_SWIFT_STANDARD_LIBRARIES = YES;
				BUNDLE_LOADER = "$(TEST_HOST)";
				CODE_SIGN_STYLE = Automatic;
				CURRENT_PROJECT_VERSION = 1;
				DEVELOPMENT_TEAM = B9AZ74JP6V;
				GENERATE_INFOPLIST_FILE = YES;
				IPHONEOS_DEPLOYMENT_TARGET = 17.5;
				MARKETING_VERSION = 1.0;
				PRODUCT_BUNDLE_IDENTIFIER = com.ayigugu.WallpaperCalendarTests;
				PRODUCT_NAME = "$(TARGET_NAME)";
				SDKROOT = iphoneos;
				SWIFT_EMIT_LOC_STRINGS = NO;
				SWIFT_VERSION = 5.0;
				TARGETED_DEVICE_FAMILY = "1,2";
				TEST_HOST = "$(BUILT_PRODUCTS_DIR)/WallpaperCalendar.app/$(BUNDLE_EXECUTABLE_FOLDER_PATH)/WallpaperCalendar";
			};
			name = Debug;
		};
		A2D74F9B2CFC487600DEA198 /* Release */ = {
			isa = XCBuildConfiguration;
			buildSettings = {
				ALWAYS_EMBED_SWIFT_STANDARD_LIBRARIES = YES;
				BUNDLE_LOADER = "$(TEST_HOST)";
				CODE_SIGN_STYLE = Automatic;
				CURRENT_PROJECT_VERSION = 1;
				DEVELOPMENT_TEAM = B9AZ74JP6V;
				GENERATE_INFOPLIST_FILE = YES;
				IPHONEOS_DEPLOYMENT_TARGET = 17.5;
				MARKETING_VERSION = 1.0;
				PRODUCT_BUNDLE_IDENTIFIER = com.ayigugu.WallpaperCalendarTests;
				PRODUCT_NAME = "$(TARGET_NAME)";
				SDKROOT = iphoneos;
				SWIFT_EMIT_LOC_STRINGS = NO;
				SWIFT_VERSION = 5.0;
				TARGETED_DEVICE_FAMILY = "1,2";
				TEST_HOST = "$(BUILT_PRODUCTS_DIR)/WallpaperCalendar.app/$(BUNDLE_EXECUTABLE_FOLDER_PATH)/WallpaperCalendar";
				VALIDATE_PRODUCT = YES;
			};
			name = Release;
		};
		A2D74F9D2CFC487600DEA198 /* Debug */ = {
			isa = XCBuildConfiguration;
			buildSettings = {
				ALWAYS_EMBED_SWIFT_STANDARD_LIBRARIES = YES;
				CODE_SIGN_STYLE = Automatic;
				CURRENT_PROJECT_VERSION = 1;
				DEVELOPMENT_TEAM = B9AZ74JP6V;
				GENERATE_INFOPLIST_FILE = YES;
				IPHONEOS_DEPLOYMENT_TARGET = 17.5;
				MARKETING_VERSION = 1.0;
				PRODUCT_BUNDLE_IDENTIFIER = com.ayigugu.WallpaperCalendarUITests;
				PRODUCT_NAME = "$(TARGET_NAME)";
				SDKROOT = iphoneos;
				SWIFT_EMIT_LOC_STRINGS = NO;
				SWIFT_VERSION = 5.0;
				TARGETED_DEVICE_FAMILY = "1,2";
				TEST_TARGET_NAME = WallpaperCalendar;
			};
			name = Debug;
		};
		A2D74F9E2CFC487600DEA198 /* Release */ = {
			isa = XCBuildConfiguration;
			buildSettings = {
				ALWAYS_EMBED_SWIFT_STANDARD_LIBRARIES = YES;
				CODE_SIGN_STYLE = Automatic;
				CURRENT_PROJECT_VERSION = 1;
				DEVELOPMENT_TEAM = B9AZ74JP6V;
				GENERATE_INFOPLIST_FILE = YES;
				IPHONEOS_DEPLOYMENT_TARGET = 17.5;
				MARKETING_VERSION = 1.0;
				PRODUCT_BUNDLE_IDENTIFIER = com.ayigugu.WallpaperCalendarUITests;
				PRODUCT_NAME = "$(TARGET_NAME)";
				SDKROOT = iphoneos;
				SWIFT_EMIT_LOC_STRINGS = NO;
				SWIFT_VERSION = 5.0;
				TARGETED_DEVICE_FAMILY = "1,2";
				TEST_TARGET_NAME = WallpaperCalendar;
				VALIDATE_PRODUCT = YES;
			};
			name = Release;
		};
		A2D74FA02CFC487600DEA198 /* Debug */ = {
			isa = XCBuildConfiguration;
			buildSettings = {
				ALWAYS_EMBED_SWIFT_STANDARD_LIBRARIES = YES;
				BUNDLE_LOADER = "$(TEST_HOST)";
				CODE_SIGN_STYLE = Automatic;
				CURRENT_PROJECT_VERSION = 1;
				DEVELOPMENT_TEAM = B9AZ74JP6V;
				GENERATE_INFOPLIST_FILE = YES;
				MARKETING_VERSION = 1.0;
				PRODUCT_BUNDLE_IDENTIFIER = "com.ayigugu.WallpaperCalendar-Watch-AppTests";
				PRODUCT_NAME = "$(TARGET_NAME)";
				SDKROOT = watchos;
				SWIFT_EMIT_LOC_STRINGS = NO;
				SWIFT_VERSION = 5.0;
				TARGETED_DEVICE_FAMILY = 4;
				TEST_HOST = "$(BUILT_PRODUCTS_DIR)/WallpaperCalendar Watch App.app/$(BUNDLE_EXECUTABLE_FOLDER_PATH)/WallpaperCalendar Watch App";
				WATCHOS_DEPLOYMENT_TARGET = 10.5;
			};
			name = Debug;
		};
		A2D74FA12CFC487600DEA198 /* Release */ = {
			isa = XCBuildConfiguration;
			buildSettings = {
				ALWAYS_EMBED_SWIFT_STANDARD_LIBRARIES = YES;
				BUNDLE_LOADER = "$(TEST_HOST)";
				CODE_SIGN_STYLE = Automatic;
				CURRENT_PROJECT_VERSION = 1;
				DEVELOPMENT_TEAM = B9AZ74JP6V;
				GENERATE_INFOPLIST_FILE = YES;
				MARKETING_VERSION = 1.0;
				PRODUCT_BUNDLE_IDENTIFIER = "com.ayigugu.WallpaperCalendar-Watch-AppTests";
				PRODUCT_NAME = "$(TARGET_NAME)";
				SDKROOT = watchos;
				SWIFT_EMIT_LOC_STRINGS = NO;
				SWIFT_VERSION = 5.0;
				TARGETED_DEVICE_FAMILY = 4;
				TEST_HOST = "$(BUILT_PRODUCTS_DIR)/WallpaperCalendar Watch App.app/$(BUNDLE_EXECUTABLE_FOLDER_PATH)/WallpaperCalendar Watch App";
				VALIDATE_PRODUCT = YES;
				WATCHOS_DEPLOYMENT_TARGET = 10.5;
			};
			name = Release;
		};
		A2D74FA32CFC487600DEA198 /* Debug */ = {
			isa = XCBuildConfiguration;
			buildSettings = {
				ALWAYS_EMBED_SWIFT_STANDARD_LIBRARIES = YES;
				CODE_SIGN_STYLE = Automatic;
				CURRENT_PROJECT_VERSION = 1;
				DEVELOPMENT_TEAM = B9AZ74JP6V;
				GENERATE_INFOPLIST_FILE = YES;
				MARKETING_VERSION = 1.0;
				PRODUCT_BUNDLE_IDENTIFIER = "com.ayigugu.WallpaperCalendar-Watch-AppUITests";
				PRODUCT_NAME = "$(TARGET_NAME)";
				SDKROOT = watchos;
				SWIFT_EMIT_LOC_STRINGS = NO;
				SWIFT_VERSION = 5.0;
				TARGETED_DEVICE_FAMILY = 4;
				TEST_TARGET_NAME = "WallpaperCalendar Watch App";
				WATCHOS_DEPLOYMENT_TARGET = 10.5;
			};
			name = Debug;
		};
		A2D74FA42CFC487600DEA198 /* Release */ = {
			isa = XCBuildConfiguration;
			buildSettings = {
				ALWAYS_EMBED_SWIFT_STANDARD_LIBRARIES = YES;
				CODE_SIGN_STYLE = Automatic;
				CURRENT_PROJECT_VERSION = 1;
				DEVELOPMENT_TEAM = B9AZ74JP6V;
				GENERATE_INFOPLIST_FILE = YES;
				MARKETING_VERSION = 1.0;
				PRODUCT_BUNDLE_IDENTIFIER = "com.ayigugu.WallpaperCalendar-Watch-AppUITests";
				PRODUCT_NAME = "$(TARGET_NAME)";
				SDKROOT = watchos;
				SWIFT_EMIT_LOC_STRINGS = NO;
				SWIFT_VERSION = 5.0;
				TARGETED_DEVICE_FAMILY = 4;
				TEST_TARGET_NAME = "WallpaperCalendar Watch App";
				VALIDATE_PRODUCT = YES;
				WATCHOS_DEPLOYMENT_TARGET = 10.5;
			};
			name = Release;
		};
/* End XCBuildConfiguration section */

/* Begin XCConfigurationList section */
		A2D74F412CFC487400DEA198 /* Build configuration list for PBXProject "WallpaperCalendar" */ = {
			isa = XCConfigurationList;
			buildConfigurations = (
				A2D74F902CFC487600DEA198 /* Debug */,
				A2D74F912CFC487600DEA198 /* Release */,
			);
			defaultConfigurationIsVisible = 0;
			defaultConfigurationName = Release;
		};
		A2D74F922CFC487600DEA198 /* Build configuration list for PBXNativeTarget "WallpaperCalendar Watch App" */ = {
			isa = XCConfigurationList;
			buildConfigurations = (
				A2D74F932CFC487600DEA198 /* Debug */,
				A2D74F942CFC487600DEA198 /* Release */,
			);
			defaultConfigurationIsVisible = 0;
			defaultConfigurationName = Release;
		};
		A2D74F962CFC487600DEA198 /* Build configuration list for PBXNativeTarget "WallpaperCalendar" */ = {
			isa = XCConfigurationList;
			buildConfigurations = (
				A2D74F972CFC487600DEA198 /* Debug */,
				A2D74F982CFC487600DEA198 /* Release */,
			);
			defaultConfigurationIsVisible = 0;
			defaultConfigurationName = Release;
		};
		A2D74F992CFC487600DEA198 /* Build configuration list for PBXNativeTarget "WallpaperCalendarTests" */ = {
			isa = XCConfigurationList;
			buildConfigurations = (
				A2D74F9A2CFC487600DEA198 /* Debug */,
				A2D74F9B2CFC487600DEA198 /* Release */,
			);
			defaultConfigurationIsVisible = 0;
			defaultConfigurationName = Release;
		};
		A2D74F9C2CFC487600DEA198 /* Build configuration list for PBXNativeTarget "WallpaperCalendarUITests" */ = {
			isa = XCConfigurationList;
			buildConfigurations = (
				A2D74F9D2CFC487600DEA198 /* Debug */,
				A2D74F9E2CFC487600DEA198 /* Release */,
			);
			defaultConfigurationIsVisible = 0;
			defaultConfigurationName = Release;
		};
		A2D74F9F2CFC487600DEA198 /* Build configuration list for PBXNativeTarget "WallpaperCalendar Watch AppTests" */ = {
			isa = XCConfigurationList;
			buildConfigurations = (
				A2D74FA02CFC487600DEA198 /* Debug */,
				A2D74FA12CFC487600DEA198 /* Release */,
			);
			defaultConfigurationIsVisible = 0;
			defaultConfigurationName = Release;
		};
		A2D74FA22CFC487600DEA198 /* Build configuration list for PBXNativeTarget "WallpaperCalendar Watch AppUITests" */ = {
			isa = XCConfigurationList;
			buildConfigurations = (
				A2D74FA32CFC487600DEA198 /* Debug */,
				A2D74FA42CFC487600DEA198 /* Release */,
			);
			defaultConfigurationIsVisible = 0;
			defaultConfigurationName = Release;
		};
/* End XCConfigurationList section */
	};
	rootObject = A2D74F3E2CFC487400DEA198 /* Project object */;
}
